
Microsoft Visual Studio Solution File, Format Version 12.00
# Visual Studio Version 16
VisualStudioVersion = 16.0.31702.278
MinimumVisualStudioVersion = 10.0.40219.1
Project("{FAE04EC0-301F-11D3-BF4B-00C04F79EFBC}") = "TaskOOP", "TaskOOP\TaskOOP.csproj", "{FF2E5367-F76F-4AAB-8FDB-5A43622471CC}"
EndProject
Project("{FAE04EC0-301F-11D3-BF4B-00C04F79EFBC}") = "Dates", "Dates\Dates.csproj", "{A70BC378-4455-4412-97B1-2617535F6FA7}"
EndProject
Global
	GlobalSection(SolutionConfigurationPlatforms) = preSolution
		Debug|Any CPU = Debug|Any CPU
		Release|Any CPU = Release|Any CPU
	EndGlobalSection
	GlobalSection(ProjectConfigurationPlatforms) = postSolution
		{FF2E5367-F76F-4AAB-8FDB-5A43622471CC}.Debug|Any CPU.ActiveCfg = Debug|Any CPU
		{FF2E5367-F76F-4AAB-8FDB-5A43622471CC}.Debug|Any CPU.Build.0 = Debug|Any CPU
		{FF2E5367-F76F-4AAB-8FDB-5A43622471CC}.Release|Any CPU.ActiveCfg = Release|Any CPU
		{FF2E5367-F76F-4AAB-8FDB-5A43622471CC}.Release|Any CPU.Build.0 = Release|Any CPU
		{A70BC378-4455-4412-97B1-2617535F6FA7}.Debug|Any CPU.ActiveCfg = Debug|Any CPU
		{A70BC378-4455-4412-97B1-2617535F6FA7}.Debug|Any CPU.Build.0 = Debug|Any CPU
		{A70BC378-4455-4412-97B1-2617535F6FA7}.Release|Any CPU.ActiveCfg = Release|Any CPU
		{A70BC378-4455-4412-97B1-2617535F6FA7}.Release|Any CPU.Build.0 = Release|Any CPU
	EndGlobalSection
	GlobalSection(SolutionProperties) = preSolution
		HideSolutionNode = FALSE
	EndGlobalSection
	GlobalSection(ExtensibilityGlobals) = postSolution
		SolutionGuid = {F2AF0C03-1711-4608-8B95-FEF5F9419746}
	EndGlobalSection
EndGlobal
